
Microsoft Visual Studio Solution File, Format Version 12.00
# Visual Studio Version 17
VisualStudioVersion = 17.9.34902.65
MinimumVisualStudioVersion = 10.0.40219.1
Project("{FC65038C-1B2F-41E1-A629-BED71D161FFF}") = "PurchaseOrderReqBatchProcess (USR) [SSRS_Reports]", "PurchaseOrderReqBatchProcess\PurchaseOrderReqBatchProcess.rnrproj", "{F0F2DC4B-4B55-4C0E-A329-9FD9DD0DE21A}"
EndProject
Global
	GlobalSection(SolutionConfigurationPlatforms) = preSolution
		Debug|Any CPU = Debug|Any CPU
	EndGlobalSection
	GlobalSection(ProjectConfigurationPlatforms) = postSolution
		{F0F2DC4B-4B55-4C0E-A329-9FD9DD0DE21A}.Debug|Any CPU.ActiveCfg = Debug|Any CPU
		{F0F2DC4B-4B55-4C0E-A329-9FD9DD0DE21A}.Debug|Any CPU.Build.0 = Debug|Any CPU
	EndGlobalSection
	GlobalSection(SolutionProperties) = preSolution
		HideSolutionNode = FALSE
	EndGlobalSection
	GlobalSection(ExtensibilityGlobals) = postSolution
		SolutionGuid = {85C9753D-696F-42B6-A83E-6857191ADDEE}
	EndGlobalSection
EndGlobal
